
Microsoft Visual Studio Solution File, Format Version 12.00
# Visual Studio Version 17
VisualStudioVersion = 17.9.34728.123
MinimumVisualStudioVersion = 10.0.40219.1
Project("{9A19103F-16F7-4668-BE54-9A1E7A4F7556}") = "myTestPortal", "myTestPortal\myTestPortal.csproj", "{79A12BC3-A1FE-494C-8C93-273B0F49B1A2}"
EndProject
Global
	GlobalSection(SolutionConfigurationPlatforms) = preSolution
		Debug|Any CPU = Debug|Any CPU
		Release|Any CPU = Release|Any CPU
	EndGlobalSection
	GlobalSection(ProjectConfigurationPlatforms) = postSolution
		{79A12BC3-A1FE-494C-8C93-273B0F49B1A2}.Debug|Any CPU.ActiveCfg = Debug|Any CPU
		{79A12BC3-A1FE-494C-8C93-273B0F49B1A2}.Debug|Any CPU.Build.0 = Debug|Any CPU
		{79A12BC3-A1FE-494C-8C93-273B0F49B1A2}.Release|Any CPU.ActiveCfg = Release|Any CPU
		{79A12BC3-A1FE-494C-8C93-273B0F49B1A2}.Release|Any CPU.Build.0 = Release|Any CPU
	EndGlobalSection
	GlobalSection(SolutionProperties) = preSolution
		HideSolutionNode = FALSE
	EndGlobalSection
	GlobalSection(ExtensibilityGlobals) = postSolution
		SolutionGuid = {0DE68350-7200-4433-8796-F8E3AD70FC35}
	EndGlobalSection
EndGlobal
